# THIS IS AN AUTOGENERATED FILE. DO NOT EDIT THIS FILE DIRECTLY.
# yarn lockfile v1


coffee-script@1.4.0:
  version "1.4.0"
  resolved "https://registry.yarnpkg.com/coffee-script/-/coffee-script-1.4.0.tgz#5e3bc8aac26c01a8e27bf107722c5655f5ad7d36"

pako@^1.0.6:
  version "1.0.6"
  resolved "https://registry.yarnpkg.com/pako/-/pako-1.0.6.tgz#0101211baa70c4bca4a0f63f2206e97b7dfaf258"
